
Microsoft Visual Studio Solution File, Format Version 12.00
# Visual Studio 14
VisualStudioVersion = 14.0.25420.1
MinimumVisualStudioVersion = 10.0.40219.1
Project("{FAE04EC0-301F-11D3-BF4B-00C04F79EFBC}") = "Sudoku.Droid", "Sudoku\Sudoku.Droid\Sudoku.Droid.csproj", "{BEAE373F-299B-4097-A8ED-33DFEA395CAF}"
EndProject
Project("{FAE04EC0-301F-11D3-BF4B-00C04F79EFBC}") = "Sudoku.iOS", "Sudoku\Sudoku.iOS\Sudoku.iOS.csproj", "{3077E8E1-DD89-4113-A599-FF4DFEBBE292}"
EndProject
Project("{FAE04EC0-301F-11D3-BF4B-00C04F79EFBC}") = "Sudoku.WinPhone", "Sudoku\Sudoku.WinPhone\Sudoku.WinPhone.csproj", "{2F3438D5-2676-4DE9-BC7B-B596ECD2C990}"
EndProject
Project("{FAE04EC0-301F-11D3-BF4B-00C04F79EFBC}") = "Sudoku.UWP", "Sudoku\Sudoku.UWP\Sudoku.UWP.csproj", "{D550B597-3437-4ADE-AE94-6895FEA010B5}"
EndProject
Project("{FAE04EC0-301F-11D3-BF4B-00C04F79EFBC}") = "Sudoku.Windows", "Sudoku\Sudoku.Windows\Sudoku.Windows.csproj", "{2656AECD-5E90-4987-8BC1-E5F525ECE182}"
EndProject
Project("{FAE04EC0-301F-11D3-BF4B-00C04F79EFBC}") = "Sudoku", "Sudoku\Sudoku\Sudoku.csproj", "{A278265D-0E5F-45BE-B969-F5CC2090AB0B}"
EndProject
Global
	GlobalSection(SolutionConfigurationPlatforms) = preSolution
		Ad-Hoc|Any CPU = Ad-Hoc|Any CPU
		Ad-Hoc|ARM = Ad-Hoc|ARM
		Ad-Hoc|iPhone = Ad-Hoc|iPhone
		Ad-Hoc|iPhoneSimulator = Ad-Hoc|iPhoneSimulator
		Ad-Hoc|x64 = Ad-Hoc|x64
		Ad-Hoc|x86 = Ad-Hoc|x86
		AppStore|Any CPU = AppStore|Any CPU
		AppStore|ARM = AppStore|ARM
		AppStore|iPhone = AppStore|iPhone
		AppStore|iPhoneSimulator = AppStore|iPhoneSimulator
		AppStore|x64 = AppStore|x64
		AppStore|x86 = AppStore|x86
		Debug|Any CPU = Debug|Any CPU
		Debug|ARM = Debug|ARM
		Debug|iPhone = Debug|iPhone
		Debug|iPhoneSimulator = Debug|iPhoneSimulator
		Debug|x64 = Debug|x64
		Debug|x86 = Debug|x86
		Release|Any CPU = Release|Any CPU
		Release|ARM = Release|ARM
		Release|iPhone = Release|iPhone
		Release|iPhoneSimulator = Release|iPhoneSimulator
		Release|x64 = Release|x64
		Release|x86 = Release|x86
	EndGlobalSection
	GlobalSection(ProjectConfigurationPlatforms) = postSolution
		{BEAE373F-299B-4097-A8ED-33DFEA395CAF}.Ad-Hoc|Any CPU.ActiveCfg = Release|Any CPU
		{BEAE373F-299B-4097-A8ED-33DFEA395CAF}.Ad-Hoc|Any CPU.Build.0 = Release|Any CPU
		{BEAE373F-299B-4097-A8ED-33DFEA395CAF}.Ad-Hoc|Any CPU.Deploy.0 = Release|Any CPU
		{BEAE373F-299B-4097-A8ED-33DFEA395CAF}.Ad-Hoc|ARM.ActiveCfg = Release|Any CPU
		{BEAE373F-299B-4097-A8ED-33DFEA395CAF}.Ad-Hoc|ARM.Build.0 = Release|Any CPU
		{BEAE373F-299B-4097-A8ED-33DFEA395CAF}.Ad-Hoc|ARM.Deploy.0 = Release|Any CPU
		{BEAE373F-299B-4097-A8ED-33DFEA395CAF}.Ad-Hoc|iPhone.ActiveCfg = Release|Any CPU
		{BEAE373F-299B-4097-A8ED-33DFEA395CAF}.Ad-Hoc|iPhone.Build.0 = Release|Any CPU
		{BEAE373F-299B-4097-A8ED-33DFEA395CAF}.Ad-Hoc|iPhone.Deploy.0 = Release|Any CPU
		{BEAE373F-299B-4097-A8ED-33DFEA395CAF}.Ad-Hoc|iPhoneSimulator.ActiveCfg = Release|Any CPU
		{BEAE373F-299B-4097-A8ED-33DFEA395CAF}.Ad-Hoc|iPhoneSimulator.Build.0 = Release|Any CPU
		{BEAE373F-299B-4097-A8ED-33DFEA395CAF}.Ad-Hoc|iPhoneSimulator.Deploy.0 = Release|Any CPU
		{BEAE373F-299B-4097-A8ED-33DFEA395CAF}.Ad-Hoc|x64.ActiveCfg = Release|Any CPU
		{BEAE373F-299B-4097-A8ED-33DFEA395CAF}.Ad-Hoc|x64.Build.0 = Release|Any CPU
		{BEAE373F-299B-4097-A8ED-33DFEA395CAF}.Ad-Hoc|x64.Deploy.0 = Release|Any CPU
		{BEAE373F-299B-4097-A8ED-33DFEA395CAF}.Ad-Hoc|x86.ActiveCfg = Release|Any CPU
		{BEAE373F-299B-4097-A8ED-33DFEA395CAF}.Ad-Hoc|x86.Build.0 = Release|Any CPU
		{BEAE373F-299B-4097-A8ED-33DFEA395CAF}.Ad-Hoc|x86.Deploy.0 = Release|Any CPU
		{BEAE373F-299B-4097-A8ED-33DFEA395CAF}.AppStore|Any CPU.ActiveCfg = Release|Any CPU
		{BEAE373F-299B-4097-A8ED-33DFEA395CAF}.AppStore|Any CPU.Build.0 = Release|Any CPU
		{BEAE373F-299B-4097-A8ED-33DFEA395CAF}.AppStore|Any CPU.Deploy.0 = Release|Any CPU
		{BEAE373F-299B-4097-A8ED-33DFEA395CAF}.AppStore|ARM.ActiveCfg = Release|Any CPU
		{BEAE373F-299B-4097-A8ED-33DFEA395CAF}.AppStore|ARM.Build.0 = Release|Any CPU
		{BEAE373F-299B-4097-A8ED-33DFEA395CAF}.AppStore|ARM.Deploy.0 = Release|Any CPU
		{BEAE373F-299B-4097-A8ED-33DFEA395CAF}.AppStore|iPhone.ActiveCfg = Release|Any CPU
		{BEAE373F-299B-4097-A8ED-33DFEA395CAF}.AppStore|iPhone.Build.0 = Release|Any CPU
		{BEAE373F-299B-4097-A8ED-33DFEA395CAF}.AppStore|iPhone.Deploy.0 = Release|Any CPU
		{BEAE373F-299B-4097-A8ED-33DFEA395CAF}.AppStore|iPhoneSimulator.ActiveCfg = Release|Any CPU
		{BEAE373F-299B-4097-A8ED-33DFEA395CAF}.AppStore|iPhoneSimulator.Build.0 = Release|Any CPU
		{BEAE373F-299B-4097-A8ED-33DFEA395CAF}.AppStore|iPhoneSimulator.Deploy.0 = Release|Any CPU
		{BEAE373F-299B-4097-A8ED-33DFEA395CAF}.AppStore|x64.ActiveCfg = Release|Any CPU
		{BEAE373F-299B-4097-A8ED-33DFEA395CAF}.AppStore|x64.Build.0 = Release|Any CPU
		{BEAE373F-299B-4097-A8ED-33DFEA395CAF}.AppStore|x64.Deploy.0 = Release|Any CPU
		{BEAE373F-299B-4097-A8ED-33DFEA395CAF}.AppStore|x86.ActiveCfg = Release|Any CPU
		{BEAE373F-299B-4097-A8ED-33DFEA395CAF}.AppStore|x86.Build.0 = Release|Any CPU
		{BEAE373F-299B-4097-A8ED-33DFEA395CAF}.AppStore|x86.Deploy.0 = Release|Any CPU
		{BEAE373F-299B-4097-A8ED-33DFEA395CAF}.Debug|Any CPU.ActiveCfg = Debug|Any CPU
		{BEAE373F-299B-4097-A8ED-33DFEA395CAF}.Debug|Any CPU.Build.0 = Debug|Any CPU
		{BEAE373F-299B-4097-A8ED-33DFEA395CAF}.Debug|Any CPU.Deploy.0 = Debug|Any CPU
		{BEAE373F-299B-4097-A8ED-33DFEA395CAF}.Debug|ARM.ActiveCfg = Debug|Any CPU
		{BEAE373F-299B-4097-A8ED-33DFEA395CAF}.Debug|ARM.Build.0 = Debug|Any CPU
		{BEAE373F-299B-4097-A8ED-33DFEA395CAF}.Debug|ARM.Deploy.0 = Debug|Any CPU
		{BEAE373F-299B-4097-A8ED-33DFEA395CAF}.Debug|iPhone.ActiveCfg = Debug|Any CPU
		{BEAE373F-299B-4097-A8ED-33DFEA395CAF}.Debug|iPhone.Build.0 = Debug|Any CPU
		{BEAE373F-299B-4097-A8ED-33DFEA395CAF}.Debug|iPhone.Deploy.0 = Debug|Any CPU
		{BEAE373F-299B-4097-A8ED-33DFEA395CAF}.Debug|iPhoneSimulator.ActiveCfg = Debug|Any CPU
		{BEAE373F-299B-4097-A8ED-33DFEA395CAF}.Debug|iPhoneSimulator.Build.0 = Debug|Any CPU
		{BEAE373F-299B-4097-A8ED-33DFEA395CAF}.Debug|iPhoneSimulator.Deploy.0 = Debug|Any CPU
		{BEAE373F-299B-4097-A8ED-33DFEA395CAF}.Debug|x64.ActiveCfg = Debug|Any CPU
		{BEAE373F-299B-4097-A8ED-33DFEA395CAF}.Debug|x64.Build.0 = Debug|Any CPU
		{BEAE373F-299B-4097-A8ED-33DFEA395CAF}.Debug|x64.Deploy.0 = Debug|Any CPU
		{BEAE373F-299B-4097-A8ED-33DFEA395CAF}.Debug|x86.ActiveCfg = Debug|Any CPU
		{BEAE373F-299B-4097-A8ED-33DFEA395CAF}.Debug|x86.Build.0 = Debug|Any CPU
		{BEAE373F-299B-4097-A8ED-33DFEA395CAF}.Debug|x86.Deploy.0 = Debug|Any CPU
		{BEAE373F-299B-4097-A8ED-33DFEA395CAF}.Release|Any CPU.ActiveCfg = Release|Any CPU
		{BEAE373F-299B-4097-A8ED-33DFEA395CAF}.Release|Any CPU.Build.0 = Release|Any CPU
		{BEAE373F-299B-4097-A8ED-33DFEA395CAF}.Release|Any CPU.Deploy.0 = Release|Any CPU
		{BEAE373F-299B-4097-A8ED-33DFEA395CAF}.Release|ARM.ActiveCfg = Release|Any CPU
		{BEAE373F-299B-4097-A8ED-33DFEA395CAF}.Release|ARM.Build.0 = Release|Any CPU
		{BEAE373F-299B-4097-A8ED-33DFEA395CAF}.Release|ARM.Deploy.0 = Release|Any CPU
		{BEAE373F-299B-4097-A8ED-33DFEA395CAF}.Release|iPhone.ActiveCfg = Release|Any CPU
		{BEAE373F-299B-4097-A8ED-33DFEA395CAF}.Release|iPhone.Build.0 = Release|Any CPU
		{BEAE373F-299B-4097-A8ED-33DFEA395CAF}.Release|iPhone.Deploy.0 = Release|Any CPU
		{BEAE373F-299B-4097-A8ED-33DFEA395CAF}.Release|iPhoneSimulator.ActiveCfg = Release|Any CPU
		{BEAE373F-299B-4097-A8ED-33DFEA395CAF}.Release|iPhoneSimulator.Build.0 = Release|Any CPU
		{BEAE373F-299B-4097-A8ED-33DFEA395CAF}.Release|iPhoneSimulator.Deploy.0 = Release|Any CPU
		{BEAE373F-299B-4097-A8ED-33DFEA395CAF}.Release|x64.ActiveCfg = Release|Any CPU
		{BEAE373F-299B-4097-A8ED-33DFEA395CAF}.Release|x64.Build.0 = Release|Any CPU
		{BEAE373F-299B-4097-A8ED-33DFEA395CAF}.Release|x64.Deploy.0 = Release|Any CPU
		{BEAE373F-299B-4097-A8ED-33DFEA395CAF}.Release|x86.ActiveCfg = Release|Any CPU
		{BEAE373F-299B-4097-A8ED-33DFEA395CAF}.Release|x86.Build.0 = Release|Any CPU
		{BEAE373F-299B-4097-A8ED-33DFEA395CAF}.Release|x86.Deploy.0 = Release|Any CPU
		{3077E8E1-DD89-4113-A599-FF4DFEBBE292}.Ad-Hoc|Any CPU.ActiveCfg = Ad-Hoc|iPhone
		{3077E8E1-DD89-4113-A599-FF4DFEBBE292}.Ad-Hoc|ARM.ActiveCfg = Ad-Hoc|iPhone
		{3077E8E1-DD89-4113-A599-FF4DFEBBE292}.Ad-Hoc|iPhone.ActiveCfg = Ad-Hoc|iPhone
		{3077E8E1-DD89-4113-A599-FF4DFEBBE292}.Ad-Hoc|iPhone.Build.0 = Ad-Hoc|iPhone
		{3077E8E1-DD89-4113-A599-FF4DFEBBE292}.Ad-Hoc|iPhoneSimulator.ActiveCfg = Ad-Hoc|iPhoneSimulator
		{3077E8E1-DD89-4113-A599-FF4DFEBBE292}.Ad-Hoc|iPhoneSimulator.Build.0 = Ad-Hoc|iPhoneSimulator
		{3077E8E1-DD89-4113-A599-FF4DFEBBE292}.Ad-Hoc|x64.ActiveCfg = Ad-Hoc|iPhone
		{3077E8E1-DD89-4113-A599-FF4DFEBBE292}.Ad-Hoc|x86.ActiveCfg = Ad-Hoc|iPhone
		{3077E8E1-DD89-4113-A599-FF4DFEBBE292}.AppStore|Any CPU.ActiveCfg = AppStore|iPhone
		{3077E8E1-DD89-4113-A599-FF4DFEBBE292}.AppStore|ARM.ActiveCfg = AppStore|iPhone
		{3077E8E1-DD89-4113-A599-FF4DFEBBE292}.AppStore|iPhone.ActiveCfg = AppStore|iPhone
		{3077E8E1-DD89-4113-A599-FF4DFEBBE292}.AppStore|iPhone.Build.0 = AppStore|iPhone
		{3077E8E1-DD89-4113-A599-FF4DFEBBE292}.AppStore|iPhoneSimulator.ActiveCfg = AppStore|iPhoneSimulator
		{3077E8E1-DD89-4113-A599-FF4DFEBBE292}.AppStore|iPhoneSimulator.Build.0 = AppStore|iPhoneSimulator
		{3077E8E1-DD89-4113-A599-FF4DFEBBE292}.AppStore|x64.ActiveCfg = AppStore|iPhone
		{3077E8E1-DD89-4113-A599-FF4DFEBBE292}.AppStore|x86.ActiveCfg = AppStore|iPhone
		{3077E8E1-DD89-4113-A599-FF4DFEBBE292}.Debug|Any CPU.ActiveCfg = Debug|iPhone
		{3077E8E1-DD89-4113-A599-FF4DFEBBE292}.Debug|ARM.ActiveCfg = Debug|iPhone
		{3077E8E1-DD89-4113-A599-FF4DFEBBE292}.Debug|iPhone.ActiveCfg = Debug|iPhone
		{3077E8E1-DD89-4113-A599-FF4DFEBBE292}.Debug|iPhone.Build.0 = Debug|iPhone
		{3077E8E1-DD89-4113-A599-FF4DFEBBE292}.Debug|iPhoneSimulator.ActiveCfg = Debug|iPhoneSimulator
		{3077E8E1-DD89-4113-A599-FF4DFEBBE292}.Debug|iPhoneSimulator.Build.0 = Debug|iPhoneSimulator
		{3077E8E1-DD89-4113-A599-FF4DFEBBE292}.Debug|x64.ActiveCfg = Debug|iPhone
		{3077E8E1-DD89-4113-A599-FF4DFEBBE292}.Debug|x86.ActiveCfg = Debug|iPhone
		{3077E8E1-DD89-4113-A599-FF4DFEBBE292}.Release|Any CPU.ActiveCfg = Release|iPhone
		{3077E8E1-DD89-4113-A599-FF4DFEBBE292}.Release|ARM.ActiveCfg = Release|iPhone
		{3077E8E1-DD89-4113-A599-FF4DFEBBE292}.Release|iPhone.ActiveCfg = Release|iPhone
		{3077E8E1-DD89-4113-A599-FF4DFEBBE292}.Release|iPhone.Build.0 = Release|iPhone
		{3077E8E1-DD89-4113-A599-FF4DFEBBE292}.Release|iPhoneSimulator.ActiveCfg = Release|iPhoneSimulator
		{3077E8E1-DD89-4113-A599-FF4DFEBBE292}.Release|iPhoneSimulator.Build.0 = Release|iPhoneSimulator
		{3077E8E1-DD89-4113-A599-FF4DFEBBE292}.Release|x64.ActiveCfg = Release|iPhone
		{3077E8E1-DD89-4113-A599-FF4DFEBBE292}.Release|x86.ActiveCfg = Release|iPhone
		{2F3438D5-2676-4DE9-BC7B-B596ECD2C990}.Ad-Hoc|Any CPU.ActiveCfg = Release|Any CPU
		{2F3438D5-2676-4DE9-BC7B-B596ECD2C990}.Ad-Hoc|Any CPU.Build.0 = Release|Any CPU
		{2F3438D5-2676-4DE9-BC7B-B596ECD2C990}.Ad-Hoc|Any CPU.Deploy.0 = Release|Any CPU
		{2F3438D5-2676-4DE9-BC7B-B596ECD2C990}.Ad-Hoc|ARM.ActiveCfg = Release|ARM
		{2F3438D5-2676-4DE9-BC7B-B596ECD2C990}.Ad-Hoc|ARM.Build.0 = Release|ARM
		{2F3438D5-2676-4DE9-BC7B-B596ECD2C990}.Ad-Hoc|ARM.Deploy.0 = Release|ARM
		{2F3438D5-2676-4DE9-BC7B-B596ECD2C990}.Ad-Hoc|iPhone.ActiveCfg = Release|Any CPU
		{2F3438D5-2676-4DE9-BC7B-B596ECD2C990}.Ad-Hoc|iPhone.Build.0 = Release|Any CPU
		{2F3438D5-2676-4DE9-BC7B-B596ECD2C990}.Ad-Hoc|iPhone.Deploy.0 = Release|Any CPU
		{2F3438D5-2676-4DE9-BC7B-B596ECD2C990}.Ad-Hoc|iPhoneSimulator.ActiveCfg = Release|Any CPU
		{2F3438D5-2676-4DE9-BC7B-B596ECD2C990}.Ad-Hoc|iPhoneSimulator.Build.0 = Release|Any CPU
		{2F3438D5-2676-4DE9-BC7B-B596ECD2C990}.Ad-Hoc|iPhoneSimulator.Deploy.0 = Release|Any CPU
		{2F3438D5-2676-4DE9-BC7B-B596ECD2C990}.Ad-Hoc|x64.ActiveCfg = Release|Any CPU
		{2F3438D5-2676-4DE9-BC7B-B596ECD2C990}.Ad-Hoc|x64.Build.0 = Release|Any CPU
		{2F3438D5-2676-4DE9-BC7B-B596ECD2C990}.Ad-Hoc|x64.Deploy.0 = Release|Any CPU
		{2F3438D5-2676-4DE9-BC7B-B596ECD2C990}.Ad-Hoc|x86.ActiveCfg = Release|x86
		{2F3438D5-2676-4DE9-BC7B-B596ECD2C990}.Ad-Hoc|x86.Build.0 = Release|x86
		{2F3438D5-2676-4DE9-BC7B-B596ECD2C990}.Ad-Hoc|x86.Deploy.0 = Release|x86
		{2F3438D5-2676-4DE9-BC7B-B596ECD2C990}.AppStore|Any CPU.ActiveCfg = Release|Any CPU
		{2F3438D5-2676-4DE9-BC7B-B596ECD2C990}.AppStore|Any CPU.Build.0 = Release|Any CPU
		{2F3438D5-2676-4DE9-BC7B-B596ECD2C990}.AppStore|Any CPU.Deploy.0 = Release|Any CPU
		{2F3438D5-2676-4DE9-BC7B-B596ECD2C990}.AppStore|ARM.ActiveCfg = Release|ARM
		{2F3438D5-2676-4DE9-BC7B-B596ECD2C990}.AppStore|ARM.Build.0 = Release|ARM
		{2F3438D5-2676-4DE9-BC7B-B596ECD2C990}.AppStore|ARM.Deploy.0 = Release|ARM
		{2F3438D5-2676-4DE9-BC7B-B596ECD2C990}.AppStore|iPhone.ActiveCfg = Release|Any CPU
		{2F3438D5-2676-4DE9-BC7B-B596ECD2C990}.AppStore|iPhone.Build.0 = Release|Any CPU
		{2F3438D5-2676-4DE9-BC7B-B596ECD2C990}.AppStore|iPhone.Deploy.0 = Release|Any CPU
		{2F3438D5-2676-4DE9-BC7B-B596ECD2C990}.AppStore|iPhoneSimulator.ActiveCfg = Release|Any CPU
		{2F3438D5-2676-4DE9-BC7B-B596ECD2C990}.AppStore|iPhoneSimulator.Build.0 = Release|Any CPU
		{2F3438D5-2676-4DE9-BC7B-B596ECD2C990}.AppStore|iPhoneSimulator.Deploy.0 = Release|Any CPU
		{2F3438D5-2676-4DE9-BC7B-B596ECD2C990}.AppStore|x64.ActiveCfg = Release|Any CPU
		{2F3438D5-2676-4DE9-BC7B-B596ECD2C990}.AppStore|x64.Build.0 = Release|Any CPU
		{2F3438D5-2676-4DE9-BC7B-B596ECD2C990}.AppStore|x64.Deploy.0 = Release|Any CPU
		{2F3438D5-2676-4DE9-BC7B-B596ECD2C990}.AppStore|x86.ActiveCfg = Release|x86
		{2F3438D5-2676-4DE9-BC7B-B596ECD2C990}.AppStore|x86.Build.0 = Release|x86
		{2F3438D5-2676-4DE9-BC7B-B596ECD2C990}.AppStore|x86.Deploy.0 = Release|x86
		{2F3438D5-2676-4DE9-BC7B-B596ECD2C990}.Debug|Any CPU.ActiveCfg = Debug|Any CPU
		{2F3438D5-2676-4DE9-BC7B-B596ECD2C990}.Debug|Any CPU.Build.0 = Debug|Any CPU
		{2F3438D5-2676-4DE9-BC7B-B596ECD2C990}.Debug|Any CPU.Deploy.0 = Debug|Any CPU
		{2F3438D5-2676-4DE9-BC7B-B596ECD2C990}.Debug|ARM.ActiveCfg = Debug|ARM
		{2F3438D5-2676-4DE9-BC7B-B596ECD2C990}.Debug|ARM.Build.0 = Debug|ARM
		{2F3438D5-2676-4DE9-BC7B-B596ECD2C990}.Debug|ARM.Deploy.0 = Debug|ARM
		{2F3438D5-2676-4DE9-BC7B-B596ECD2C990}.Debug|iPhone.ActiveCfg = Debug|Any CPU
		{2F3438D5-2676-4DE9-BC7B-B596ECD2C990}.Debug|iPhone.Build.0 = Debug|Any CPU
		{2F3438D5-2676-4DE9-BC7B-B596ECD2C990}.Debug|iPhone.Deploy.0 = Debug|Any CPU
		{2F3438D5-2676-4DE9-BC7B-B596ECD2C990}.Debug|iPhoneSimulator.ActiveCfg = Debug|Any CPU
		{2F3438D5-2676-4DE9-BC7B-B596ECD2C990}.Debug|iPhoneSimulator.Build.0 = Debug|Any CPU
		{2F3438D5-2676-4DE9-BC7B-B596ECD2C990}.Debug|iPhoneSimulator.Deploy.0 = Debug|Any CPU
		{2F3438D5-2676-4DE9-BC7B-B596ECD2C990}.Debug|x64.ActiveCfg = Debug|Any CPU
		{2F3438D5-2676-4DE9-BC7B-B596ECD2C990}.Debug|x64.Build.0 = Debug|Any CPU
		{2F3438D5-2676-4DE9-BC7B-B596ECD2C990}.Debug|x64.Deploy.0 = Debug|Any CPU
		{2F3438D5-2676-4DE9-BC7B-B596ECD2C990}.Debug|x86.ActiveCfg = Debug|x86
		{2F3438D5-2676-4DE9-BC7B-B596ECD2C990}.Debug|x86.Build.0 = Debug|x86
		{2F3438D5-2676-4DE9-BC7B-B596ECD2C990}.Debug|x86.Deploy.0 = Debug|x86
		{2F3438D5-2676-4DE9-BC7B-B596ECD2C990}.Release|Any CPU.ActiveCfg = Release|Any CPU
		{2F3438D5-2676-4DE9-BC7B-B596ECD2C990}.Release|Any CPU.Build.0 = Release|Any CPU
		{2F3438D5-2676-4DE9-BC7B-B596ECD2C990}.Release|Any CPU.Deploy.0 = Release|Any CPU
		{2F3438D5-2676-4DE9-BC7B-B596ECD2C990}.Release|ARM.ActiveCfg = Release|ARM
		{2F3438D5-2676-4DE9-BC7B-B596ECD2C990}.Release|ARM.Build.0 = Release|ARM
		{2F3438D5-2676-4DE9-BC7B-B596ECD2C990}.Release|ARM.Deploy.0 = Release|ARM
		{2F3438D5-2676-4DE9-BC7B-B596ECD2C990}.Release|iPhone.ActiveCfg = Release|Any CPU
		{2F3438D5-2676-4DE9-BC7B-B596ECD2C990}.Release|iPhone.Build.0 = Release|Any CPU
		{2F3438D5-2676-4DE9-BC7B-B596ECD2C990}.Release|iPhone.Deploy.0 = Release|Any CPU
		{2F3438D5-2676-4DE9-BC7B-B596ECD2C990}.Release|iPhoneSimulator.ActiveCfg = Release|Any CPU
		{2F3438D5-2676-4DE9-BC7B-B596ECD2C990}.Release|iPhoneSimulator.Build.0 = Release|Any CPU
		{2F3438D5-2676-4DE9-BC7B-B596ECD2C990}.Release|iPhoneSimulator.Deploy.0 = Release|Any CPU
		{2F3438D5-2676-4DE9-BC7B-B596ECD2C990}.Release|x64.ActiveCfg = Release|Any CPU
		{2F3438D5-2676-4DE9-BC7B-B596ECD2C990}.Release|x64.Build.0 = Release|Any CPU
		{2F3438D5-2676-4DE9-BC7B-B596ECD2C990}.Release|x64.Deploy.0 = Release|Any CPU
		{2F3438D5-2676-4DE9-BC7B-B596ECD2C990}.Release|x86.ActiveCfg = Release|x86
		{2F3438D5-2676-4DE9-BC7B-B596ECD2C990}.Release|x86.Build.0 = Release|x86
		{2F3438D5-2676-4DE9-BC7B-B596ECD2C990}.Release|x86.Deploy.0 = Release|x86
		{D550B597-3437-4ADE-AE94-6895FEA010B5}.Ad-Hoc|Any CPU.ActiveCfg = Release|x86
		{D550B597-3437-4ADE-AE94-6895FEA010B5}.Ad-Hoc|Any CPU.Build.0 = Release|x86
		{D550B597-3437-4ADE-AE94-6895FEA010B5}.Ad-Hoc|Any CPU.Deploy.0 = Release|x86
		{D550B597-3437-4ADE-AE94-6895FEA010B5}.Ad-Hoc|ARM.ActiveCfg = Release|ARM
		{D550B597-3437-4ADE-AE94-6895FEA010B5}.Ad-Hoc|ARM.Build.0 = Release|ARM
		{D550B597-3437-4ADE-AE94-6895FEA010B5}.Ad-Hoc|ARM.Deploy.0 = Release|ARM
		{D550B597-3437-4ADE-AE94-6895FEA010B5}.Ad-Hoc|iPhone.ActiveCfg = Release|x86
		{D550B597-3437-4ADE-AE94-6895FEA010B5}.Ad-Hoc|iPhone.Build.0 = Release|x86
		{D550B597-3437-4ADE-AE94-6895FEA010B5}.Ad-Hoc|iPhone.Deploy.0 = Release|x86
		{D550B597-3437-4ADE-AE94-6895FEA010B5}.Ad-Hoc|iPhoneSimulator.ActiveCfg = Release|x86
		{D550B597-3437-4ADE-AE94-6895FEA010B5}.Ad-Hoc|iPhoneSimulator.Build.0 = Release|x86
		{D550B597-3437-4ADE-AE94-6895FEA010B5}.Ad-Hoc|iPhoneSimulator.Deploy.0 = Release|x86
		{D550B597-3437-4ADE-AE94-6895FEA010B5}.Ad-Hoc|x64.ActiveCfg = Release|x64
		{D550B597-3437-4ADE-AE94-6895FEA010B5}.Ad-Hoc|x64.Build.0 = Release|x64
		{D550B597-3437-4ADE-AE94-6895FEA010B5}.Ad-Hoc|x64.Deploy.0 = Release|x64
		{D550B597-3437-4ADE-AE94-6895FEA010B5}.Ad-Hoc|x86.ActiveCfg = Release|x86
		{D550B597-3437-4ADE-AE94-6895FEA010B5}.Ad-Hoc|x86.Build.0 = Release|x86
		{D550B597-3437-4ADE-AE94-6895FEA010B5}.Ad-Hoc|x86.Deploy.0 = Release|x86
		{D550B597-3437-4ADE-AE94-6895FEA010B5}.AppStore|Any CPU.ActiveCfg = Release|x86
		{D550B597-3437-4ADE-AE94-6895FEA010B5}.AppStore|Any CPU.Build.0 = Release|x86
		{D550B597-3437-4ADE-AE94-6895FEA010B5}.AppStore|Any CPU.Deploy.0 = Release|x86
		{D550B597-3437-4ADE-AE94-6895FEA010B5}.AppStore|ARM.ActiveCfg = Release|ARM
		{D550B597-3437-4ADE-AE94-6895FEA010B5}.AppStore|ARM.Build.0 = Release|ARM
		{D550B597-3437-4ADE-AE94-6895FEA010B5}.AppStore|ARM.Deploy.0 = Release|ARM
		{D550B597-3437-4ADE-AE94-6895FEA010B5}.AppStore|iPhone.ActiveCfg = Release|x86
		{D550B597-3437-4ADE-AE94-6895FEA010B5}.AppStore|iPhone.Build.0 = Release|x86
		{D550B597-3437-4ADE-AE94-6895FEA010B5}.AppStore|iPhone.Deploy.0 = Release|x86
		{D550B597-3437-4ADE-AE94-6895FEA010B5}.AppStore|iPhoneSimulator.ActiveCfg = Release|x86
		{D550B597-3437-4ADE-AE94-6895FEA010B5}.AppStore|iPhoneSimulator.Build.0 = Release|x86
		{D550B597-3437-4ADE-AE94-6895FEA010B5}.AppStore|iPhoneSimulator.Deploy.0 = Release|x86
		{D550B597-3437-4ADE-AE94-6895FEA010B5}.AppStore|x64.ActiveCfg = Release|x64
		{D550B597-3437-4ADE-AE94-6895FEA010B5}.AppStore|x64.Build.0 = Release|x64
		{D550B597-3437-4ADE-AE94-6895FEA010B5}.AppStore|x64.Deploy.0 = Release|x64
		{D550B597-3437-4ADE-AE94-6895FEA010B5}.AppStore|x86.ActiveCfg = Release|x86
		{D550B597-3437-4ADE-AE94-6895FEA010B5}.AppStore|x86.Build.0 = Release|x86
		{D550B597-3437-4ADE-AE94-6895FEA010B5}.AppStore|x86.Deploy.0 = Release|x86
		{D550B597-3437-4ADE-AE94-6895FEA010B5}.Debug|Any CPU.ActiveCfg = Debug|x86
		{D550B597-3437-4ADE-AE94-6895FEA010B5}.Debug|ARM.ActiveCfg = Debug|ARM
		{D550B597-3437-4ADE-AE94-6895FEA010B5}.Debug|ARM.Build.0 = Debug|ARM
		{D550B597-3437-4ADE-AE94-6895FEA010B5}.Debug|ARM.Deploy.0 = Debug|ARM
		{D550B597-3437-4ADE-AE94-6895FEA010B5}.Debug|iPhone.ActiveCfg = Debug|x86
		{D550B597-3437-4ADE-AE94-6895FEA010B5}.Debug|iPhoneSimulator.ActiveCfg = Debug|x86
		{D550B597-3437-4ADE-AE94-6895FEA010B5}.Debug|x64.ActiveCfg = Debug|x64
		{D550B597-3437-4ADE-AE94-6895FEA010B5}.Debug|x64.Build.0 = Debug|x64
		{D550B597-3437-4ADE-AE94-6895FEA010B5}.Debug|x64.Deploy.0 = Debug|x64
		{D550B597-3437-4ADE-AE94-6895FEA010B5}.Debug|x86.ActiveCfg = Debug|x86
		{D550B597-3437-4ADE-AE94-6895FEA010B5}.Debug|x86.Build.0 = Debug|x86
		{D550B597-3437-4ADE-AE94-6895FEA010B5}.Debug|x86.Deploy.0 = Debug|x86
		{D550B597-3437-4ADE-AE94-6895FEA010B5}.Release|Any CPU.ActiveCfg = Release|x86
		{D550B597-3437-4ADE-AE94-6895FEA010B5}.Release|ARM.ActiveCfg = Release|ARM
		{D550B597-3437-4ADE-AE94-6895FEA010B5}.Release|ARM.Build.0 = Release|ARM
		{D550B597-3437-4ADE-AE94-6895FEA010B5}.Release|ARM.Deploy.0 = Release|ARM
		{D550B597-3437-4ADE-AE94-6895FEA010B5}.Release|iPhone.ActiveCfg = Release|x86
		{D550B597-3437-4ADE-AE94-6895FEA010B5}.Release|iPhoneSimulator.ActiveCfg = Release|x86
		{D550B597-3437-4ADE-AE94-6895FEA010B5}.Release|x64.ActiveCfg = Release|x64
		{D550B597-3437-4ADE-AE94-6895FEA010B5}.Release|x64.Build.0 = Release|x64
		{D550B597-3437-4ADE-AE94-6895FEA010B5}.Release|x64.Deploy.0 = Release|x64
		{D550B597-3437-4ADE-AE94-6895FEA010B5}.Release|x86.ActiveCfg = Release|x86
		{D550B597-3437-4ADE-AE94-6895FEA010B5}.Release|x86.Build.0 = Release|x86
		{D550B597-3437-4ADE-AE94-6895FEA010B5}.Release|x86.Deploy.0 = Release|x86
		{2656AECD-5E90-4987-8BC1-E5F525ECE182}.Ad-Hoc|Any CPU.ActiveCfg = Release|Any CPU
		{2656AECD-5E90-4987-8BC1-E5F525ECE182}.Ad-Hoc|Any CPU.Build.0 = Release|Any CPU
		{2656AECD-5E90-4987-8BC1-E5F525ECE182}.Ad-Hoc|Any CPU.Deploy.0 = Release|Any CPU
		{2656AECD-5E90-4987-8BC1-E5F525ECE182}.Ad-Hoc|ARM.ActiveCfg = Release|ARM
		{2656AECD-5E90-4987-8BC1-E5F525ECE182}.Ad-Hoc|ARM.Build.0 = Release|ARM
		{2656AECD-5E90-4987-8BC1-E5F525ECE182}.Ad-Hoc|ARM.Deploy.0 = Release|ARM
		{2656AECD-5E90-4987-8BC1-E5F525ECE182}.Ad-Hoc|iPhone.ActiveCfg = Release|Any CPU
		{2656AECD-5E90-4987-8BC1-E5F525ECE182}.Ad-Hoc|iPhone.Build.0 = Release|Any CPU
		{2656AECD-5E90-4987-8BC1-E5F525ECE182}.Ad-Hoc|iPhone.Deploy.0 = Release|Any CPU
		{2656AECD-5E90-4987-8BC1-E5F525ECE182}.Ad-Hoc|iPhoneSimulator.ActiveCfg = Release|Any CPU
		{2656AECD-5E90-4987-8BC1-E5F525ECE182}.Ad-Hoc|iPhoneSimulator.Build.0 = Release|Any CPU
		{2656AECD-5E90-4987-8BC1-E5F525ECE182}.Ad-Hoc|iPhoneSimulator.Deploy.0 = Release|Any CPU
		{2656AECD-5E90-4987-8BC1-E5F525ECE182}.Ad-Hoc|x64.ActiveCfg = Release|x64
		{2656AECD-5E90-4987-8BC1-E5F525ECE182}.Ad-Hoc|x64.Build.0 = Release|x64
		{2656AECD-5E90-4987-8BC1-E5F525ECE182}.Ad-Hoc|x64.Deploy.0 = Release|x64
		{2656AECD-5E90-4987-8BC1-E5F525ECE182}.Ad-Hoc|x86.ActiveCfg = Release|x86
		{2656AECD-5E90-4987-8BC1-E5F525ECE182}.Ad-Hoc|x86.Build.0 = Release|x86
		{2656AECD-5E90-4987-8BC1-E5F525ECE182}.Ad-Hoc|x86.Deploy.0 = Release|x86
		{2656AECD-5E90-4987-8BC1-E5F525ECE182}.AppStore|Any CPU.ActiveCfg = Release|Any CPU
		{2656AECD-5E90-4987-8BC1-E5F525ECE182}.AppStore|Any CPU.Build.0 = Release|Any CPU
		{2656AECD-5E90-4987-8BC1-E5F525ECE182}.AppStore|Any CPU.Deploy.0 = Release|Any CPU
		{2656AECD-5E90-4987-8BC1-E5F525ECE182}.AppStore|ARM.ActiveCfg = Release|ARM
		{2656AECD-5E90-4987-8BC1-E5F525ECE182}.AppStore|ARM.Build.0 = Release|ARM
		{2656AECD-5E90-4987-8BC1-E5F525ECE182}.AppStore|ARM.Deploy.0 = Release|ARM
		{2656AECD-5E90-4987-8BC1-E5F525ECE182}.AppStore|iPhone.ActiveCfg = Release|Any CPU
		{2656AECD-5E90-4987-8BC1-E5F525ECE182}.AppStore|iPhone.Build.0 = Release|Any CPU
		{2656AECD-5E90-4987-8BC1-E5F525ECE182}.AppStore|iPhone.Deploy.0 = Release|Any CPU
		{2656AECD-5E90-4987-8BC1-E5F525ECE182}.AppStore|iPhoneSimulator.ActiveCfg = Release|Any CPU
		{2656AECD-5E90-4987-8BC1-E5F525ECE182}.AppStore|iPhoneSimulator.Build.0 = Release|Any CPU
		{2656AECD-5E90-4987-8BC1-E5F525ECE182}.AppStore|iPhoneSimulator.Deploy.0 = Release|Any CPU
		{2656AECD-5E90-4987-8BC1-E5F525ECE182}.AppStore|x64.ActiveCfg = Release|x64
		{2656AECD-5E90-4987-8BC1-E5F525ECE182}.AppStore|x64.Build.0 = Release|x64
		{2656AECD-5E90-4987-8BC1-E5F525ECE182}.AppStore|x64.Deploy.0 = Release|x64
		{2656AECD-5E90-4987-8BC1-E5F525ECE182}.AppStore|x86.ActiveCfg = Release|x86
		{2656AECD-5E90-4987-8BC1-E5F525ECE182}.AppStore|x86.Build.0 = Release|x86
		{2656AECD-5E90-4987-8BC1-E5F525ECE182}.AppStore|x86.Deploy.0 = Release|x86
		{2656AECD-5E90-4987-8BC1-E5F525ECE182}.Debug|Any CPU.ActiveCfg = Debug|Any CPU
		{2656AECD-5E90-4987-8BC1-E5F525ECE182}.Debug|Any CPU.Build.0 = Debug|Any CPU
		{2656AECD-5E90-4987-8BC1-E5F525ECE182}.Debug|Any CPU.Deploy.0 = Debug|Any CPU
		{2656AECD-5E90-4987-8BC1-E5F525ECE182}.Debug|ARM.ActiveCfg = Debug|ARM
		{2656AECD-5E90-4987-8BC1-E5F525ECE182}.Debug|ARM.Build.0 = Debug|ARM
		{2656AECD-5E90-4987-8BC1-E5F525ECE182}.Debug|ARM.Deploy.0 = Debug|ARM
		{2656AECD-5E90-4987-8BC1-E5F525ECE182}.Debug|iPhone.ActiveCfg = Debug|Any CPU
		{2656AECD-5E90-4987-8BC1-E5F525ECE182}.Debug|iPhone.Build.0 = Debug|Any CPU
		{2656AECD-5E90-4987-8BC1-E5F525ECE182}.Debug|iPhone.Deploy.0 = Debug|Any CPU
		{2656AECD-5E90-4987-8BC1-E5F525ECE182}.Debug|iPhoneSimulator.ActiveCfg = Debug|Any CPU
		{2656AECD-5E90-4987-8BC1-E5F525ECE182}.Debug|iPhoneSimulator.Build.0 = Debug|Any CPU
		{2656AECD-5E90-4987-8BC1-E5F525ECE182}.Debug|iPhoneSimulator.Deploy.0 = Debug|Any CPU
		{2656AECD-5E90-4987-8BC1-E5F525ECE182}.Debug|x64.ActiveCfg = Debug|x64
		{2656AECD-5E90-4987-8BC1-E5F525ECE182}.Debug|x64.Build.0 = Debug|x64
		{2656AECD-5E90-4987-8BC1-E5F525ECE182}.Debug|x64.Deploy.0 = Debug|x64
		{2656AECD-5E90-4987-8BC1-E5F525ECE182}.Debug|x86.ActiveCfg = Debug|x86
		{2656AECD-5E90-4987-8BC1-E5F525ECE182}.Debug|x86.Build.0 = Debug|x86
		{2656AECD-5E90-4987-8BC1-E5F525ECE182}.Debug|x86.Deploy.0 = Debug|x86
		{2656AECD-5E90-4987-8BC1-E5F525ECE182}.Release|Any CPU.ActiveCfg = Release|Any CPU
		{2656AECD-5E90-4987-8BC1-E5F525ECE182}.Release|Any CPU.Build.0 = Release|Any CPU
		{2656AECD-5E90-4987-8BC1-E5F525ECE182}.Release|Any CPU.Deploy.0 = Release|Any CPU
		{2656AECD-5E90-4987-8BC1-E5F525ECE182}.Release|ARM.ActiveCfg = Release|ARM
		{2656AECD-5E90-4987-8BC1-E5F525ECE182}.Release|ARM.Build.0 = Release|ARM
		{2656AECD-5E90-4987-8BC1-E5F525ECE182}.Release|ARM.Deploy.0 = Release|ARM
		{2656AECD-5E90-4987-8BC1-E5F525ECE182}.Release|iPhone.ActiveCfg = Release|Any CPU
		{2656AECD-5E90-4987-8BC1-E5F525ECE182}.Release|iPhone.Build.0 = Release|Any CPU
		{2656AECD-5E90-4987-8BC1-E5F525ECE182}.Release|iPhone.Deploy.0 = Release|Any CPU
		{2656AECD-5E90-4987-8BC1-E5F525ECE182}.Release|iPhoneSimulator.ActiveCfg = Release|Any CPU
		{2656AECD-5E90-4987-8BC1-E5F525ECE182}.Release|iPhoneSimulator.Build.0 = Release|Any CPU
		{2656AECD-5E90-4987-8BC1-E5F525ECE182}.Release|iPhoneSimulator.Deploy.0 = Release|Any CPU
		{2656AECD-5E90-4987-8BC1-E5F525ECE182}.Release|x64.ActiveCfg = Release|x64
		{2656AECD-5E90-4987-8BC1-E5F525ECE182}.Release|x64.Build.0 = Release|x64
		{2656AECD-5E90-4987-8BC1-E5F525ECE182}.Release|x64.Deploy.0 = Release|x64
		{2656AECD-5E90-4987-8BC1-E5F525ECE182}.Release|x86.ActiveCfg = Release|x86
		{2656AECD-5E90-4987-8BC1-E5F525ECE182}.Release|x86.Build.0 = Release|x86
		{2656AECD-5E90-4987-8BC1-E5F525ECE182}.Release|x86.Deploy.0 = Release|x86
		{A278265D-0E5F-45BE-B969-F5CC2090AB0B}.Ad-Hoc|Any CPU.ActiveCfg = Release|Any CPU
		{A278265D-0E5F-45BE-B969-F5CC2090AB0B}.Ad-Hoc|Any CPU.Build.0 = Release|Any CPU
		{A278265D-0E5F-45BE-B969-F5CC2090AB0B}.Ad-Hoc|ARM.ActiveCfg = Release|Any CPU
		{A278265D-0E5F-45BE-B969-F5CC2090AB0B}.Ad-Hoc|ARM.Build.0 = Release|Any CPU
		{A278265D-0E5F-45BE-B969-F5CC2090AB0B}.Ad-Hoc|iPhone.ActiveCfg = Release|Any CPU
		{A278265D-0E5F-45BE-B969-F5CC2090AB0B}.Ad-Hoc|iPhone.Build.0 = Release|Any CPU
		{A278265D-0E5F-45BE-B969-F5CC2090AB0B}.Ad-Hoc|iPhoneSimulator.ActiveCfg = Release|Any CPU
		{A278265D-0E5F-45BE-B969-F5CC2090AB0B}.Ad-Hoc|iPhoneSimulator.Build.0 = Release|Any CPU
		{A278265D-0E5F-45BE-B969-F5CC2090AB0B}.Ad-Hoc|x64.ActiveCfg = Release|Any CPU
		{A278265D-0E5F-45BE-B969-F5CC2090AB0B}.Ad-Hoc|x64.Build.0 = Release|Any CPU
		{A278265D-0E5F-45BE-B969-F5CC2090AB0B}.Ad-Hoc|x86.ActiveCfg = Release|Any CPU
		{A278265D-0E5F-45BE-B969-F5CC2090AB0B}.Ad-Hoc|x86.Build.0 = Release|Any CPU
		{A278265D-0E5F-45BE-B969-F5CC2090AB0B}.AppStore|Any CPU.ActiveCfg = Release|Any CPU
		{A278265D-0E5F-45BE-B969-F5CC2090AB0B}.AppStore|Any CPU.Build.0 = Release|Any CPU
		{A278265D-0E5F-45BE-B969-F5CC2090AB0B}.AppStore|ARM.ActiveCfg = Release|Any CPU
		{A278265D-0E5F-45BE-B969-F5CC2090AB0B}.AppStore|ARM.Build.0 = Release|Any CPU
		{A278265D-0E5F-45BE-B969-F5CC2090AB0B}.AppStore|iPhone.ActiveCfg = Release|Any CPU
		{A278265D-0E5F-45BE-B969-F5CC2090AB0B}.AppStore|iPhone.Build.0 = Release|Any CPU
		{A278265D-0E5F-45BE-B969-F5CC2090AB0B}.AppStore|iPhoneSimulator.ActiveCfg = Release|Any CPU
		{A278265D-0E5F-45BE-B969-F5CC2090AB0B}.AppStore|iPhoneSimulator.Build.0 = Release|Any CPU
		{A278265D-0E5F-45BE-B969-F5CC2090AB0B}.AppStore|x64.ActiveCfg = Release|Any CPU
		{A278265D-0E5F-45BE-B969-F5CC2090AB0B}.AppStore|x64.Build.0 = Release|Any CPU
		{A278265D-0E5F-45BE-B969-F5CC2090AB0B}.AppStore|x86.ActiveCfg = Release|Any CPU
		{A278265D-0E5F-45BE-B969-F5CC2090AB0B}.AppStore|x86.Build.0 = Release|Any CPU
		{A278265D-0E5F-45BE-B969-F5CC2090AB0B}.Debug|Any CPU.ActiveCfg = Debug|Any CPU
		{A278265D-0E5F-45BE-B969-F5CC2090AB0B}.Debug|Any CPU.Build.0 = Debug|Any CPU
		{A278265D-0E5F-45BE-B969-F5CC2090AB0B}.Debug|ARM.ActiveCfg = Debug|Any CPU
		{A278265D-0E5F-45BE-B969-F5CC2090AB0B}.Debug|ARM.Build.0 = Debug|Any CPU
		{A278265D-0E5F-45BE-B969-F5CC2090AB0B}.Debug|iPhone.ActiveCfg = Debug|Any CPU
		{A278265D-0E5F-45BE-B969-F5CC2090AB0B}.Debug|iPhone.Build.0 = Debug|Any CPU
		{A278265D-0E5F-45BE-B969-F5CC2090AB0B}.Debug|iPhoneSimulator.ActiveCfg = Debug|Any CPU
		{A278265D-0E5F-45BE-B969-F5CC2090AB0B}.Debug|iPhoneSimulator.Build.0 = Debug|Any CPU
		{A278265D-0E5F-45BE-B969-F5CC2090AB0B}.Debug|x64.ActiveCfg = Debug|Any CPU
		{A278265D-0E5F-45BE-B969-F5CC2090AB0B}.Debug|x64.Build.0 = Debug|Any CPU
		{A278265D-0E5F-45BE-B969-F5CC2090AB0B}.Debug|x86.ActiveCfg = Debug|Any CPU
		{A278265D-0E5F-45BE-B969-F5CC2090AB0B}.Debug|x86.Build.0 = Debug|Any CPU
		{A278265D-0E5F-45BE-B969-F5CC2090AB0B}.Release|Any CPU.ActiveCfg = Release|Any CPU
		{A278265D-0E5F-45BE-B969-F5CC2090AB0B}.Release|Any CPU.Build.0 = Release|Any CPU
		{A278265D-0E5F-45BE-B969-F5CC2090AB0B}.Release|ARM.ActiveCfg = Release|Any CPU
		{A278265D-0E5F-45BE-B969-F5CC2090AB0B}.Release|ARM.Build.0 = Release|Any CPU
		{A278265D-0E5F-45BE-B969-F5CC2090AB0B}.Release|iPhone.ActiveCfg = Release|Any CPU
		{A278265D-0E5F-45BE-B969-F5CC2090AB0B}.Release|iPhone.Build.0 = Release|Any CPU
		{A278265D-0E5F-45BE-B969-F5CC2090AB0B}.Release|iPhoneSimulator.ActiveCfg = Release|Any CPU
		{A278265D-0E5F-45BE-B969-F5CC2090AB0B}.Release|iPhoneSimulator.Build.0 = Release|Any CPU
		{A278265D-0E5F-45BE-B969-F5CC2090AB0B}.Release|x64.ActiveCfg = Release|Any CPU
		{A278265D-0E5F-45BE-B969-F5CC2090AB0B}.Release|x64.Build.0 = Release|Any CPU
		{A278265D-0E5F-45BE-B969-F5CC2090AB0B}.Release|x86.ActiveCfg = Release|Any CPU
		{A278265D-0E5F-45BE-B969-F5CC2090AB0B}.Release|x86.Build.0 = Release|Any CPU
	EndGlobalSection
	GlobalSection(SolutionProperties) = preSolution
		HideSolutionNode = FALSE
	EndGlobalSection
EndGlobal
